{
  "name": "nkhlnmwt",
  "lockfileVersion": 2,
  "requires": true,
  "packages": {
    "": {
      "dependencies": {
        "@pdfme/generator": "^1.0.13"
      }
    },
    "node_modules/@pdf-lib/fontkit": {
      "version": "1.1.1",
      "resolved": "https://registry.npmjs.org/@pdf-lib/fontkit/-/fontkit-1.1.1.tgz",
      "integrity": "sha512-KjMd7grNapIWS/Dm0gvfHEilSyAmeLvrEGVcqLGi0VYebuqqzTbgF29efCx7tvx+IEbG3zQciRSWl3GkUSvjZg==",
      "dependencies": {
        "pako": "^1.0.6"
      }
    },
    "node_modules/@pdf-lib/standard-fonts": {
      "version": "1.0.0",
      "resolved": "https://registry.npmjs.org/@pdf-lib/standard-fonts/-/standard-fonts-1.0.0.tgz",
      "integrity": "sha512-hU30BK9IUN/su0Mn9VdlVKsWBS6GyhVfqjwl1FjZN4TxP6cCw0jP2w7V3Hf5uX7M0AZJ16vey9yE0ny7Sa59ZA==",
      "dependencies": {
        "pako": "^1.0.6"
      }
    },
    "node_modules/@pdf-lib/upng": {
      "version": "1.0.1",
      "resolved": "https://registry.npmjs.org/@pdf-lib/upng/-/upng-1.0.1.tgz",
      "integrity": "sha512-dQK2FUMQtowVP00mtIksrlZhdFXQZPC+taih1q4CvPZ5vqdxR/LKBaFg0oAfzd1GlHZXXSPdQfzQnt+ViGvEIQ==",
      "dependencies": {
        "pako": "^1.0.10"
      }
    },
    "node_modules/@pdfme/common": {
      "version": "1.0.13",
      "resolved": "https://registry.npmjs.org/@pdfme/common/-/common-1.0.13.tgz",
      "integrity": "sha512-ZapXFPyPoI3/QWumfZJzcXg4haaFXhBeJXTHmRNq6bmpZMPfTpSqRw6hC1+W7cEmKKn2iqbKzGc4Uy9br8iyvw==",
      "dependencies": {
        "zod": "^3.11.6"
      },
      "engines": {
        "node": ">=14"
      }
    },
    "node_modules/@pdfme/generator": {
      "version": "1.0.13",
      "resolved": "https://registry.npmjs.org/@pdfme/generator/-/generator-1.0.13.tgz",
      "integrity": "sha512-9+FA218hvYMCtLmJc7YvEJbadqGgHEOBgqXA2OJ/F0d0QT8UqrpWCDh0FT92nN7EPuwTnQ1rI0IzTtH51btl+A==",
      "dependencies": {
        "@pdf-lib/fontkit": "^1.1.1",
        "@pdfme/common": "^1.0.0",
        "bwip-js": "^2.1.3",
        "pdf-lib": "^1.17.1"
      },
      "engines": {
        "node": ">=14"
      }
    },
    "node_modules/bwip-js": {
      "version": "2.1.3",
      "resolved": "https://registry.npmjs.org/bwip-js/-/bwip-js-2.1.3.tgz",
      "integrity": "sha512-1Jf5eB+o6AzpwkHZPj63+/kGesLH30XLL0EC2PUrX+d0+4kMwCYMeqCuytlG318S/lcw27a2JOnZ9I8RO83Krg==",
      "bin": {
        "bwip-js": "bin/bwip-js.js"
      }
    },
    "node_modules/pako": {
      "version": "1.0.11",
      "resolved": "https://registry.npmjs.org/pako/-/pako-1.0.11.tgz",
      "integrity": "sha512-4hLB8Py4zZce5s4yd9XzopqwVv/yGNhV1Bl8NTmCq1763HeK2+EwVTv+leGeL13Dnh2wfbqowVPXCIO0z4taYw=="
    },
    "node_modules/pdf-lib": {
      "version": "1.17.1",
      "resolved": "https://registry.npmjs.org/pdf-lib/-/pdf-lib-1.17.1.tgz",
      "integrity": "sha512-V/mpyJAoTsN4cnP31vc0wfNA1+p20evqqnap0KLoRUN0Yk/p3wN52DOEsL4oBFcLdb76hlpKPtzJIgo67j/XLw==",
      "dependencies": {
        "@pdf-lib/standard-fonts": "^1.0.0",
        "@pdf-lib/upng": "^1.0.1",
        "pako": "^1.0.11",
        "tslib": "^1.11.1"
      }
    },
    "node_modules/tslib": {
      "version": "1.14.1",
      "resolved": "https://registry.npmjs.org/tslib/-/tslib-1.14.1.tgz",
      "integrity": "sha512-Xni35NKzjgMrwevysHTCArtLDpPvye8zV/0E4EyYn43P7/7qvQwPh9BGkHewbMulVntbigmcT7rdX3BNo9wRJg=="
    },
    "node_modules/zod": {
      "version": "3.17.3",
      "resolved": "https://registry.npmjs.org/zod/-/zod-3.17.3.tgz",
      "integrity": "sha512-4oKP5zvG6GGbMlqBkI5FESOAweldEhSOZ6LI6cG+JzUT7ofj1ZOC0PJudpQOpT1iqOFpYYtX5Pw0+o403y4bcg==",
      "funding": {
        "url": "https://github.com/sponsors/colinhacks"
      }
    }
  },
  "dependencies": {
    "@pdf-lib/fontkit": {
      "version": "1.1.1",
      "resolved": "https://registry.npmjs.org/@pdf-lib/fontkit/-/fontkit-1.1.1.tgz",
      "integrity": "sha512-KjMd7grNapIWS/Dm0gvfHEilSyAmeLvrEGVcqLGi0VYebuqqzTbgF29efCx7tvx+IEbG3zQciRSWl3GkUSvjZg==",
      "requires": {
        "pako": "^1.0.6"
      }
    },
    "@pdf-lib/standard-fonts": {
      "version": "1.0.0",
      "resolved": "https://registry.npmjs.org/@pdf-lib/standard-fonts/-/standard-fonts-1.0.0.tgz",
      "integrity": "sha512-hU30BK9IUN/su0Mn9VdlVKsWBS6GyhVfqjwl1FjZN4TxP6cCw0jP2w7V3Hf5uX7M0AZJ16vey9yE0ny7Sa59ZA==",
      "requires": {
        "pako": "^1.0.6"
      }
    },
    "@pdf-lib/upng": {
      "version": "1.0.1",
      "resolved": "https://registry.npmjs.org/@pdf-lib/upng/-/upng-1.0.1.tgz",
      "integrity": "sha512-dQK2FUMQtowVP00mtIksrlZhdFXQZPC+taih1q4CvPZ5vqdxR/LKBaFg0oAfzd1GlHZXXSPdQfzQnt+ViGvEIQ==",
      "requires": {
        "pako": "^1.0.10"
      }
    },
    "@pdfme/common": {
      "version": "1.0.13",
      "resolved": "https://registry.npmjs.org/@pdfme/common/-/common-1.0.13.tgz",
      "integrity": "sha512-ZapXFPyPoI3/QWumfZJzcXg4haaFXhBeJXTHmRNq6bmpZMPfTpSqRw6hC1+W7cEmKKn2iqbKzGc4Uy9br8iyvw==",
      "requires": {
        "zod": "^3.11.6"
      }
    },
    "@pdfme/generator": {
      "version": "1.0.13",
      "resolved": "https://registry.npmjs.org/@pdfme/generator/-/generator-1.0.13.tgz",
      "integrity": "sha512-9+FA218hvYMCtLmJc7YvEJbadqGgHEOBgqXA2OJ/F0d0QT8UqrpWCDh0FT92nN7EPuwTnQ1rI0IzTtH51btl+A==",
      "requires": {
        "@pdf-lib/fontkit": "^1.1.1",
        "@pdfme/common": "^1.0.0",
        "bwip-js": "^2.1.3",
        "pdf-lib": "^1.17.1"
      }
    },
    "bwip-js": {
      "version": "2.1.3",
      "resolved": "https://registry.npmjs.org/bwip-js/-/bwip-js-2.1.3.tgz",
      "integrity": "sha512-1Jf5eB+o6AzpwkHZPj63+/kGesLH30XLL0EC2PUrX+d0+4kMwCYMeqCuytlG318S/lcw27a2JOnZ9I8RO83Krg=="
    },
    "pako": {
      "version": "1.0.11",
      "resolved": "https://registry.npmjs.org/pako/-/pako-1.0.11.tgz",
      "integrity": "sha512-4hLB8Py4zZce5s4yd9XzopqwVv/yGNhV1Bl8NTmCq1763HeK2+EwVTv+leGeL13Dnh2wfbqowVPXCIO0z4taYw=="
    },
    "pdf-lib": {
      "version": "1.17.1",
      "resolved": "https://registry.npmjs.org/pdf-lib/-/pdf-lib-1.17.1.tgz",
      "integrity": "sha512-V/mpyJAoTsN4cnP31vc0wfNA1+p20evqqnap0KLoRUN0Yk/p3wN52DOEsL4oBFcLdb76hlpKPtzJIgo67j/XLw==",
      "requires": {
        "@pdf-lib/standard-fonts": "^1.0.0",
        "@pdf-lib/upng": "^1.0.1",
        "pako": "^1.0.11",
        "tslib": "^1.11.1"
      }
    },
    "tslib": {
      "version": "1.14.1",
      "resolved": "https://registry.npmjs.org/tslib/-/tslib-1.14.1.tgz",
      "integrity": "sha512-Xni35NKzjgMrwevysHTCArtLDpPvye8zV/0E4EyYn43P7/7qvQwPh9BGkHewbMulVntbigmcT7rdX3BNo9wRJg=="
    },
    "zod": {
      "version": "3.17.3",
      "resolved": "https://registry.npmjs.org/zod/-/zod-3.17.3.tgz",
      "integrity": "sha512-4oKP5zvG6GGbMlqBkI5FESOAweldEhSOZ6LI6cG+JzUT7ofj1ZOC0PJudpQOpT1iqOFpYYtX5Pw0+o403y4bcg=="
    }
  }
}
